
Microsoft Visual Studio Solution File, Format Version 12.00
# Visual Studio Version 17
VisualStudioVersion = 17.5.33414.496
MinimumVisualStudioVersion = 10.0.40219.1
Project("{FAE04EC0-301F-11D3-BF4B-00C04F79EFBC}") = "FunctionForBeginners", "FunctionForBeginners\FunctionForBeginners.csproj", "{178A12E5-6F2B-4A7B-8107-1024AA135F03}"
EndProject
Global
	GlobalSection(SolutionConfigurationPlatforms) = preSolution
		Debug|Any CPU = Debug|Any CPU
		Release|Any CPU = Release|Any CPU
	EndGlobalSection
	GlobalSection(ProjectConfigurationPlatforms) = postSolution
		{178A12E5-6F2B-4A7B-8107-1024AA135F03}.Debug|Any CPU.ActiveCfg = Debug|Any CPU
		{178A12E5-6F2B-4A7B-8107-1024AA135F03}.Debug|Any CPU.Build.0 = Debug|Any CPU
		{178A12E5-6F2B-4A7B-8107-1024AA135F03}.Release|Any CPU.ActiveCfg = Release|Any CPU
		{178A12E5-6F2B-4A7B-8107-1024AA135F03}.Release|Any CPU.Build.0 = Release|Any CPU
	EndGlobalSection
	GlobalSection(SolutionProperties) = preSolution
		HideSolutionNode = FALSE
	EndGlobalSection
	GlobalSection(ExtensibilityGlobals) = postSolution
		SolutionGuid = {0F41B341-13C6-4942-91B4-2874D5E73AE4}
	EndGlobalSection
EndGlobal
